<?xml version="1.0" encoding="utf-8"?>
<Project ToolsVersion="4.0" xmlns="http://schemas.microsoft.com/developer/msbuild/2003">
  <ItemGroup>
    <Filter Include="源文件">
      <UniqueIdentifier>{4FC737F1-C7A5-4376-A066-2A32D752A2FF}</UniqueIdentifier>
      <Extensions>cpp;c;cc;cxx;def;odl;idl;hpj;bat;asm;asmx</Extensions>
    </Filter>
    <Filter Include="头文件">
      <UniqueIdentifier>{93995380-89BD-4b04-88EB-625FBE52EBFB}</UniqueIdentifier>
      <Extensions>h;hh;hpp;hxx;hm;inl;inc;xsd</Extensions>
    </Filter>
    <Filter Include="资源文件">
      <UniqueIdentifier>{67DA6AB6-F800-4c08-8B7A-83BB121AAD01}</UniqueIdentifier>
      <Extensions>rc;ico;cur;bmp;dlg;rc2;rct;bin;rgs;gif;jpg;jpeg;jpe;resx;tiff;tif;png;wav;mfcribbon-ms</Extensions>
    </Filter>
  </ItemGroup>
  <ItemGroup>
    <ClInclude Include="stdafx.h">
      <Filter>头文件</Filter>
    </ClInclude>
    <ClInclude Include="targetver.h">
      <Filter>头文件</Filter>
    </ClInclude>
    <ClInclude Include="shader_m.h">
      <Filter>头文件</Filter>
    </ClInclude>
    <ClInclude Include="stb_image.h">
      <Filter>头文件</Filter>
    </ClInclude>
    <ClInclude Include="camera.h">
      <Filter>头文件</Filter>
    </ClInclude>
    <ClInclude Include="character.h">
      <Filter>头文件</Filter>
    </ClInclude>
    <ClInclude Include="loader.h">
      <Filter>头文件</Filter>
    </ClInclude>
    <ClInclude Include="light.h">
      <Filter>头文件</Filter>
    </ClInclude>
    <ClInclude Include="skybox.h">
      <Filter>头文件</Filter>
    </ClInclude>
    <ClInclude Include="sky.h">
      <Filter>头文件</Filter>
    </ClInclude>
    <ClInclude Include="floor.h">
      <Filter>头文件</Filter>
    </ClInclude>
    <ClInclude Include="mesh.h">
      <Filter>头文件</Filter>
    </ClInclude>
    <ClInclude Include="rain.h">
      <Filter>头文件</Filter>
    </ClInclude>
    <ClInclude Include="snow.h">
      <Filter>头文件</Filter>
    </ClInclude>
    <ClInclude Include="fog.h">
      <Filter>头文件</Filter>
    </ClInclude>
    <ClInclude Include="fire.h">
      <Filter>头文件</Filter>
    </ClInclude>
    <ClInclude Include="particle.h">
      <Filter>头文件</Filter>
    </ClInclude>
  </ItemGroup>
  <ItemGroup>
    <ClCompile Include="stdafx.cpp">
      <Filter>源文件</Filter>
    </ClCompile>
    <ClCompile Include="E:\CG\glad\src\glad.c">
      <Filter>源文件</Filter>
    </ClCompile>
    <ClCompile Include="CG.cpp">
      <Filter>源文件</Filter>
    </ClCompile>
  </ItemGroup>
  <ItemGroup>
    <None Include="floor.vs">
      <Filter>源文件</Filter>
    </None>
    <None Include="floor.fs">
      <Filter>源文件</Filter>
    </None>
    <None Include="skybox.vs">
      <Filter>源文件</Filter>
    </None>
    <None Include="skybox.fs">
      <Filter>源文件</Filter>
    </None>
    <None Include="sky.fs">
      <Filter>源文件</Filter>
    </None>
    <None Include="sky.vs">
      <Filter>源文件</Filter>
    </None>
    <None Include="particle.fs">
      <Filter>源文件</Filter>
    </None>
    <None Include="particle.vs">
      <Filter>源文件</Filter>
    </None>
    <None Include="rain.fs">
      <Filter>源文件</Filter>
    </None>
    <None Include="rain.vs">
      <Filter>源文件</Filter>
    </None>
    <None Include="snow.fs">
      <Filter>源文件</Filter>
    </None>
    <None Include="snow.vs">
      <Filter>源文件</Filter>
    </None>
    <None Include="wing.fs">
      <Filter>源文件</Filter>
    </None>
    <None Include="wing.vs">
      <Filter>源文件</Filter>
    </None>
  </ItemGroup>
</Project>